
Microsoft Visual Studio Solution File, Format Version 12.00
# Visual Studio Version 17
VisualStudioVersion = 17.8.34511.84
MinimumVisualStudioVersion = 10.0.40219.1
Project("{FAE04EC0-301F-11D3-BF4B-00C04F79EFBC}") = "MathLibrary", "MathLibrary\MathLibrary.csproj", "{9C727785-8E72-41C0-BFD8-94EF075AB830}"
EndProject
Project("{FAE04EC0-301F-11D3-BF4B-00C04F79EFBC}") = "Sandbox", "Sandbox\Sandbox.csproj", "{EFDEFA66-1EBD-489F-A6ED-3A3666DB201A}"
EndProject
Global
	GlobalSection(SolutionConfigurationPlatforms) = preSolution
		Debug|Any CPU = Debug|Any CPU
		Release|Any CPU = Release|Any CPU
	EndGlobalSection
	GlobalSection(ProjectConfigurationPlatforms) = postSolution
		{9C727785-8E72-41C0-BFD8-94EF075AB830}.Debug|Any CPU.ActiveCfg = Debug|Any CPU
		{9C727785-8E72-41C0-BFD8-94EF075AB830}.Debug|Any CPU.Build.0 = Debug|Any CPU
		{9C727785-8E72-41C0-BFD8-94EF075AB830}.Release|Any CPU.ActiveCfg = Release|Any CPU
		{9C727785-8E72-41C0-BFD8-94EF075AB830}.Release|Any CPU.Build.0 = Release|Any CPU
		{EFDEFA66-1EBD-489F-A6ED-3A3666DB201A}.Debug|Any CPU.ActiveCfg = Debug|Any CPU
		{EFDEFA66-1EBD-489F-A6ED-3A3666DB201A}.Debug|Any CPU.Build.0 = Debug|Any CPU
		{EFDEFA66-1EBD-489F-A6ED-3A3666DB201A}.Release|Any CPU.ActiveCfg = Release|Any CPU
		{EFDEFA66-1EBD-489F-A6ED-3A3666DB201A}.Release|Any CPU.Build.0 = Release|Any CPU
	EndGlobalSection
	GlobalSection(SolutionProperties) = preSolution
		HideSolutionNode = FALSE
	EndGlobalSection
	GlobalSection(ExtensibilityGlobals) = postSolution
		SolutionGuid = {303427E7-663E-4982-B1B0-096B4E259B37}
	EndGlobalSection
EndGlobal
